
Microsoft Visual Studio Solution File, Format Version 12.00
# Visual Studio Version 17
VisualStudioVersion = 17.3.32811.315
MinimumVisualStudioVersion = 10.0.40219.1
Project("{FAE04EC0-301F-11D3-BF4B-00C04F79EFBC}") = "VajaTabela1", "VajaTabela1\VajaTabela1.csproj", "{2B5F1D49-E345-461A-8E1A-D767D5F28CEA}"
EndProject
Global
	GlobalSection(SolutionConfigurationPlatforms) = preSolution
		Debug|Any CPU = Debug|Any CPU
		Release|Any CPU = Release|Any CPU
	EndGlobalSection
	GlobalSection(ProjectConfigurationPlatforms) = postSolution
		{2B5F1D49-E345-461A-8E1A-D767D5F28CEA}.Debug|Any CPU.ActiveCfg = Debug|Any CPU
		{2B5F1D49-E345-461A-8E1A-D767D5F28CEA}.Debug|Any CPU.Build.0 = Debug|Any CPU
		{2B5F1D49-E345-461A-8E1A-D767D5F28CEA}.Release|Any CPU.ActiveCfg = Release|Any CPU
		{2B5F1D49-E345-461A-8E1A-D767D5F28CEA}.Release|Any CPU.Build.0 = Release|Any CPU
	EndGlobalSection
	GlobalSection(SolutionProperties) = preSolution
		HideSolutionNode = FALSE
	EndGlobalSection
	GlobalSection(ExtensibilityGlobals) = postSolution
		SolutionGuid = {1E81FCAB-0AA2-4910-A859-7C4F9B4AC260}
	EndGlobalSection
EndGlobal
