
Microsoft Visual Studio Solution File, Format Version 12.00
# Visual Studio Version 17
VisualStudioVersion = 17.3.32811.315
MinimumVisualStudioVersion = 10.0.40219.1
Project("{FAE04EC0-301F-11D3-BF4B-00C04F79EFBC}") = "Metodee", "Metodee\Metodee.csproj", "{023EF6C1-E630-4245-B514-C2074AF8053F}"
EndProject
Global
	GlobalSection(SolutionConfigurationPlatforms) = preSolution
		Debug|Any CPU = Debug|Any CPU
		Release|Any CPU = Release|Any CPU
	EndGlobalSection
	GlobalSection(ProjectConfigurationPlatforms) = postSolution
		{023EF6C1-E630-4245-B514-C2074AF8053F}.Debug|Any CPU.ActiveCfg = Debug|Any CPU
		{023EF6C1-E630-4245-B514-C2074AF8053F}.Debug|Any CPU.Build.0 = Debug|Any CPU
		{023EF6C1-E630-4245-B514-C2074AF8053F}.Release|Any CPU.ActiveCfg = Release|Any CPU
		{023EF6C1-E630-4245-B514-C2074AF8053F}.Release|Any CPU.Build.0 = Release|Any CPU
	EndGlobalSection
	GlobalSection(SolutionProperties) = preSolution
		HideSolutionNode = FALSE
	EndGlobalSection
	GlobalSection(ExtensibilityGlobals) = postSolution
		SolutionGuid = {AC121E2D-332D-4916-83C3-BCD661A2E170}
	EndGlobalSection
EndGlobal
